
Microsoft Visual Studio Solution File, Format Version 12.00
# Visual Studio Version 17
VisualStudioVersion = 17.7.34024.191
MinimumVisualStudioVersion = 10.0.40219.1
Project("{9A19103F-16F7-4668-BE54-9A1E7A4F7556}") = "ProductsAPI", "ProductsAPI\ProductsAPI.csproj", "{CF6F5469-F2AC-445C-8D5D-0829B0D2C205}"
EndProject
Project("{9A19103F-16F7-4668-BE54-9A1E7A4F7556}") = "ProductsWeb", "ProductsWeb\ProductsWeb.csproj", "{9C2B4F46-DF90-44CD-879C-6108F1501F57}"
EndProject
Project("{2150E333-8FDC-42A3-9474-1A3956D46DE8}") = "Solution Items", "Solution Items", "{8A9FD87D-8657-4043-94F9-59877B47A4CF}"
	ProjectSection(SolutionItems) = preProject
		.gitignore = .gitignore
	EndProjectSection
EndProject
Global
	GlobalSection(SolutionConfigurationPlatforms) = preSolution
		Debug|Any CPU = Debug|Any CPU
		Release|Any CPU = Release|Any CPU
	EndGlobalSection
	GlobalSection(ProjectConfigurationPlatforms) = postSolution
		{CF6F5469-F2AC-445C-8D5D-0829B0D2C205}.Debug|Any CPU.ActiveCfg = Debug|Any CPU
		{CF6F5469-F2AC-445C-8D5D-0829B0D2C205}.Debug|Any CPU.Build.0 = Debug|Any CPU
		{CF6F5469-F2AC-445C-8D5D-0829B0D2C205}.Release|Any CPU.ActiveCfg = Release|Any CPU
		{CF6F5469-F2AC-445C-8D5D-0829B0D2C205}.Release|Any CPU.Build.0 = Release|Any CPU
		{9C2B4F46-DF90-44CD-879C-6108F1501F57}.Debug|Any CPU.ActiveCfg = Debug|Any CPU
		{9C2B4F46-DF90-44CD-879C-6108F1501F57}.Debug|Any CPU.Build.0 = Debug|Any CPU
		{9C2B4F46-DF90-44CD-879C-6108F1501F57}.Release|Any CPU.ActiveCfg = Release|Any CPU
		{9C2B4F46-DF90-44CD-879C-6108F1501F57}.Release|Any CPU.Build.0 = Release|Any CPU
	EndGlobalSection
	GlobalSection(SolutionProperties) = preSolution
		HideSolutionNode = FALSE
	EndGlobalSection
	GlobalSection(ExtensibilityGlobals) = postSolution
		SolutionGuid = {F332AFEC-FF11-4D64-B311-7CF20C305C48}
	EndGlobalSection
EndGlobal
